// !$*UTF8*$!
{
	archiveVersion = 1;
	classes = {
	};
	objectVersion = 77;
	objects = {

/* Begin PBXContainerItemProxy section */
		D631133C2F13D2A20096235C /* PBXContainerItemProxy */ = {
			isa = PBXContainerItemProxy;
			containerPortal = D63113262F13D2A10096235C /* Project object */;
			proxyType = 1;
			remoteGlobalIDString = D631132D2F13D2A10096235C;
			remoteInfo = BPRecorder;
		};
		D63113462F13D2A20096235C /* PBXContainerItemProxy */ = {
			isa = PBXContainerItemProxy;
			containerPortal = D63113262F13D2A10096235C /* Project object */;
			proxyType = 1;
			remoteGlobalIDString = D631132D2F13D2A10096235C;
			remoteInfo = BPRecorder;
		};
/* End PBXContainerItemProxy section */

/* Begin PBXFileReference section */
		D631132E2F13D2A10096235C /* BPRecorder.app */ = {isa = PBXFileReference; explicitFileType = wrapper.application; includeInIndex = 0; path = BPRecorder.app; sourceTree = BUILT_PRODUCTS_DIR; };
		D631133B2F13D2A20096235C /* BPRecorderTests.xctest */ = {isa = PBXFileReference; explicitFileType = wrapper.cfbundle; includeInIndex = 0; path = BPRecorderTests.xctest; sourceTree = BUILT_PRODUCTS_DIR; };
		D63113452F13D2A20096235C /* BPRecorderUITests.xctest */ = {isa = PBXFileReference; explicitFileType = wrapper.cfbundle; includeInIndex = 0; path = BPRecorderUITests.xctest; sourceTree = BUILT_PRODUCTS_DIR; };
/* End PBXFileReference section */

/* Begin PBXFileSystemSynchronizedRootGroup section */
		D63113302F13D2A10096235C /* BPRecorder */ = {
			isa = PBXFileSystemSynchronizedRootGroup;
			path = BPRecorder;
			sourceTree = "<group>";
		};
		D631133E2F13D2A20096235C /* BPRecorderTests */ = {
			isa = PBXFileSystemSynchronizedRootGroup;
			path = BPRecorderTests;
			sourceTree = "<group>";
		};
		D63113482F13D2A20096235C /* BPRecorderUITests */ = {
			isa = PBXFileSystemSynchronizedRootGroup;
			path = BPRecorderUITests;
			sourceTree = "<group>";
		};
/* End PBXFileSystemSynchronizedRootGroup section */

/* Begin PBXFrameworksBuildPhase section */
		D631132B2F13D2A10096235C /* Frameworks */ = {
			isa = PBXFrameworksBuildPhase;
			buildActionMask = 2147483647;
			files = (
			);
			runOnlyForDeploymentPostprocessing = 0;
		};
		D63113382F13D2A20096235C /* Frameworks */ = {
			isa = PBXFrameworksBuildPhase;
			buildActionMask = 2147483647;
			files = (
			);
			runOnlyForDeploymentPostprocessing = 0;
		};
		D63113422F13D2A20096235C /* Frameworks */ = {
			isa = PBXFrameworksBuildPhase;
			buildActionMask = 2147483647;
			files = (
			);
			runOnlyForDeploymentPostprocessing = 0;
		};
/* End PBXFrameworksBuildPhase section */

/* Begin PBXGroup section */
		D63113252F13D2A10096235C = {
			isa = PBXGroup;
			children = (
				D63113302F13D2A10096235C /* BPRecorder */,
				D631133E2F13D2A20096235C /* BPRecorderTests */,
				D63113482F13D2A20096235C /* BPRecorderUITests */,
				D631132F2F13D2A10096235C /* Products */,
			);
			sourceTree = "<group>";
		};
		D631132F2F13D2A10096235C /* Products */ = {
			isa = PBXGroup;
			children = (
				D631132E2F13D2A10096235C /* BPRecorder.app */,
				D631133B2F13D2A20096235C /* BPRecorderTests.xctest */,
				D63113452F13D2A20096235C /* BPRecorderUITests.xctest */,
			);
			name = Products;
			sourceTree = "<group>";
		};
/* End PBXGroup section */

/* Begin PBXNativeTarget section */
		D631132D2F13D2A10096235C /* BPRecorder */ = {
			isa = PBXNativeTarget;
			buildConfigurationList = D631134F2F13D2A20096235C /* Build configuration list for PBXNativeTarget "BPRecorder" */;
			buildPhases = (
				D631132A2F13D2A10096235C /* Sources */,
				D631132B2F13D2A10096235C /* Frameworks */,
				D631132C2F13D2A10096235C /* Resources */,
			);
			buildRules = (
			);
			dependencies = (
			);
			fileSystemSynchronizedGroups = (
				D63113302F13D2A10096235C /* BPRecorder */,
			);
			name = BPRecorder;
			packageProductDependencies = (
			);
			productName = BPRecorder;
			productReference = D631132E2F13D2A10096235C /* BPRecorder.app */;
			productType = "com.apple.product-type.application";
		};
		D631133A2F13D2A20096235C /* BPRecorderTests */ = {
			isa = PBXNativeTarget;
			buildConfigurationList = D63113522F13D2A20096235C /* Build configuration list for PBXNativeTarget "BPRecorderTests" */;
			buildPhases = (
				D63113372F13D2A20096235C /* Sources */,
				D63113382F13D2A20096235C /* Frameworks */,
				D63113392F13D2A20096235C /* Resources */,
			);
			buildRules = (
			);
			dependencies = (
				D631133D2F13D2A20096235C /* PBXTargetDependency */,
			);
			fileSystemSynchronizedGroups = (
				D631133E2F13D2A20096235C /* BPRecorderTests */,
			);
			name = BPRecorderTests;
			packageProductDependencies = (
			);
			productName = BPRecorderTests;
			productReference = D631133B2F13D2A20096235C /* BPRecorderTests.xctest */;
			productType = "com.apple.product-type.bundle.unit-test";
		};
		D63113442F13D2A20096235C /* BPRecorderUITests */ = {
			isa = PBXNativeTarget;
			buildConfigurationList = D63113552F13D2A20096235C /* Build configuration list for PBXNativeTarget "BPRecorderUITests" */;
			buildPhases = (
				D63113412F13D2A20096235C /* Sources */,
				D63113422F13D2A20096235C /* Frameworks */,
				D63113432F13D2A20096235C /* Resources */,
			);
			buildRules = (
			);
			dependencies = (
				D63113472F13D2A20096235C /* PBXTargetDependency */,
			);
			fileSystemSynchronizedGroups = (
				D63113482F13D2A20096235C /* BPRecorderUITests */,
			);
			name = BPRecorderUITests;
			packageProductDependencies = (
			);
			productName = BPRecorderUITests;
			productReference = D63113452F13D2A20096235C /* BPRecorderUITests.xctest */;
			productType = "com.apple.product-type.bundle.ui-testing";
		};
/* End PBXNativeTarget section */

/* Begin PBXProject section */
		D63113262F13D2A10096235C /* Project object */ = {
			isa = PBXProject;
			attributes = {
				BuildIndependentTargetsInParallel = 1;
				LastSwiftUpdateCheck = 1640;
				LastUpgradeCheck = 1640;
				TargetAttributes = {
					D631132D2F13D2A10096235C = {
						CreatedOnToolsVersion = 16.4;
					};
					D631133A2F13D2A20096235C = {
						CreatedOnToolsVersion = 16.4;
						TestTargetID = D631132D2F13D2A10096235C;
					};
					D63113442F13D2A20096235C = {
						CreatedOnToolsVersion = 16.4;
						TestTargetID = D631132D2F13D2A10096235C;
					};
				};
			};
			buildConfigurationList = D63113292F13D2A10096235C /* Build configuration list for PBXProject "BPRecorder" */;
			developmentRegion = en;
			hasScannedForEncodings = 0;
			knownRegions = (
				en,
				Base,
			);
			mainGroup = D63113252F13D2A10096235C;
			minimizedProjectReferenceProxies = 1;
			preferredProjectObjectVersion = 77;
			productRefGroup = D631132F2F13D2A10096235C /* Products */;
			projectDirPath = "";
			projectRoot = "";
			targets = (
				D631132D2F13D2A10096235C /* BPRecorder */,
				D631133A2F13D2A20096235C /* BPRecorderTests */,
				D63113442F13D2A20096235C /* BPRecorderUITests */,
			);
		};
/* End PBXProject section */

/* Begin PBXResourcesBuildPhase section */
		D631132C2F13D2A10096235C /* Resources */ = {
			isa = PBXResourcesBuildPhase;
			buildActionMask = 2147483647;
			files = (
			);
			runOnlyForDeploymentPostprocessing = 0;
		};
		D63113392F13D2A20096235C /* Resources */ = {
			isa = PBXResourcesBuildPhase;
			buildActionMask = 2147483647;
			files = (
			);
			runOnlyForDeploymentPostprocessing = 0;
		};
		D63113432F13D2A20096235C /* Resources */ = {
			isa = PBXResourcesBuildPhase;
			buildActionMask = 2147483647;
			files = (
			);
			runOnlyForDeploymentPostprocessing = 0;
		};
/* End PBXResourcesBuildPhase section */

/* Begin PBXSourcesBuildPhase section */
		D631132A2F13D2A10096235C /* Sources */ = {
			isa = PBXSourcesBuildPhase;
			buildActionMask = 2147483647;
			files = (
			);
			runOnlyForDeploymentPostprocessing = 0;
		};
		D63113372F13D2A20096235C /* Sources */ = {
			isa = PBXSourcesBuildPhase;
			buildActionMask = 2147483647;
			files = (
			);
			runOnlyForDeploymentPostprocessing = 0;
		};
		D63113412F13D2A20096235C /* Sources */ = {
			isa = PBXSourcesBuildPhase;
			buildActionMask = 2147483647;
			files = (
			);
			runOnlyForDeploymentPostprocessing = 0;
		};
/* End PBXSourcesBuildPhase section */

/* Begin PBXTargetDependency section */
		D631133D2F13D2A20096235C /* PBXTargetDependency */ = {
			isa = PBXTargetDependency;
			target = D631132D2F13D2A10096235C /* BPRecorder */;
			targetProxy = D631133C2F13D2A20096235C /* PBXContainerItemProxy */;
		};
		D63113472F13D2A20096235C /* PBXTargetDependency */ = {
			isa = PBXTargetDependency;
			target = D631132D2F13D2A10096235C /* BPRecorder */;
			targetProxy = D63113462F13D2A20096235C /* PBXContainerItemProxy */;
		};
/* End PBXTargetDependency section */

/* Begin XCBuildConfiguration section */
		D631134D2F13D2A20096235C /* Debug */ = {
			isa = XCBuildConfiguration;
			buildSettings = {
				ALWAYS_SEARCH_USER_PATHS = NO;
				ASSETCATALOG_COMPILER_GENERATE_SWIFT_ASSET_SYMBOL_EXTENSIONS = YES;
				CLANG_ANALYZER_NONNULL = YES;
				CLANG_ANALYZER_NUMBER_OBJECT_CONVERSION = YES_AGGRESSIVE;
				CLANG_CXX_LANGUAGE_STANDARD = "gnu++20";
				CLANG_ENABLE_MODULES = YES;
				CLANG_ENABLE_OBJC_ARC = YES;
				CLANG_ENABLE_OBJC_WEAK = YES;
				CLANG_WARN_BLOCK_CAPTURE_AUTORELEASING = YES;
				CLANG_WARN_BOOL_CONVERSION = YES;
				CLANG_WARN_COMMA = YES;
				CLANG_WARN_CONSTANT_CONVERSION = YES;
				CLANG_WARN_DEPRECATED_OBJC_IMPLEMENTATIONS = YES;
				CLANG_WARN_DIRECT_OBJC_ISA_USAGE = YES_ERROR;
				CLANG_WARN_DOCUMENTATION_COMMENTS = YES;
				CLANG_WARN_EMPTY_BODY = YES;
				CLANG_WARN_ENUM_CONVERSION = YES;
				CLANG_WARN_INFINITE_RECURSION = YES;
				CLANG_WARN_INT_CONVERSION = YES;
				CLANG_WARN_NON_LITERAL_NULL_CONVERSION = YES;
				CLANG_WARN_OBJC_IMPLICIT_RETAIN_SELF = YES;
				CLANG_WARN_OBJC_LITERAL_CONVERSION = YES;
				CLANG_WARN_OBJC_ROOT_CLASS = YES_ERROR;
				CLANG_WARN_QUOTED_INCLUDE_IN_FRAMEWORK_HEADER = YES;
				CLANG_WARN_RANGE_LOOP_ANALYSIS = YES;
				CLANG_WARN_STRICT_PROTOTYPES = YES;
				CLANG_WARN_SUSPICIOUS_MOVE = YES;
				CLANG_WARN_UNGUARDED_AVAILABILITY = YES_AGGRESSIVE;
				CLANG_WARN_UNREACHABLE_CODE = YES;
				CLANG_WARN__DUPLICATE_METHOD_MATCH = YES;
				COPY_PHASE_STRIP = NO;
				DEBUG_INFORMATION_FORMAT = dwarf;
				DEVELOPMENT_TEAM = 25323KQQ5P;
				ENABLE_STRICT_OBJC_MSGSEND = YES;
				ENABLE_TESTABILITY = YES;
				ENABLE_USER_SCRIPT_SANDBOXING = YES;
				GCC_C_LANGUAGE_STANDARD = gnu17;
				GCC_DYNAMIC_NO_PIC = NO;
				GCC_NO_COMMON_BLOCKS = YES;
				GCC_OPTIMIZATION_LEVEL = 0;
				GCC_PREPROCESSOR_DEFINITIONS = (
					"DEBUG=1",
					"$(inherited)",
				);
				GCC_WARN_64_TO_32_BIT_CONVERSION = YES;
				GCC_WARN_ABOUT_RETURN_TYPE = YES_ERROR;
				GCC_WARN_UNDECLARED_SELECTOR = YES;
				GCC_WARN_UNINITIALIZED_AUTOS = YES_AGGRESSIVE;
				GCC_WARN_UNUSED_FUNCTION = YES;
				GCC_WARN_UNUSED_VARIABLE = YES;
				IPHONEOS_DEPLOYMENT_TARGET = 18.5;
				LOCALIZATION_PREFERS_STRING_CATALOGS = YES;
				MTL_ENABLE_DEBUG_INFO = INCLUDE_SOURCE;
				MTL_FAST_MATH = YES;
				ONLY_ACTIVE_ARCH = YES;
				SDKROOT = iphoneos;
				SWIFT_ACTIVE_COMPILATION_CONDITIONS = "DEBUG $(inherited)";
				SWIFT_OPTIMIZATION_LEVEL = "-Onone";
			};
			name = Debug;
		};
		D631134E2F13D2A20096235C /* Release */ = {
			isa = XCBuildConfiguration;
			buildSettings = {
				ALWAYS_SEARCH_USER_PATHS = NO;
				ASSETCATALOG_COMPILER_GENERATE_SWIFT_ASSET_SYMBOL_EXTENSIONS = YES;
				CLANG_ANALYZER_NONNULL = YES;
				CLANG_ANALYZER_NUMBER_OBJECT_CONVERSION = YES_AGGRESSIVE;
				CLANG_CXX_LANGUAGE_STANDARD = "gnu++20";
				CLANG_ENABLE_MODULES = YES;
				CLANG_ENABLE_OBJC_ARC = YES;
				CLANG_ENABLE_OBJC_WEAK = YES;
				CLANG_WARN_BLOCK_CAPTURE_AUTORELEASING = YES;
				CLANG_WARN_BOOL_CONVERSION = YES;
				CLANG_WARN_COMMA = YES;
				CLANG_WARN_CONSTANT_CONVERSION = YES;
				CLANG_WARN_DEPRECATED_OBJC_IMPLEMENTATIONS = YES;
				CLANG_WARN_DIRECT_OBJC_ISA_USAGE = YES_ERROR;
				CLANG_WARN_DOCUMENTATION_COMMENTS = YES;
				CLANG_WARN_EMPTY_BODY = YES;
				CLANG_WARN_ENUM_CONVERSION = YES;
				CLANG_WARN_INFINITE_RECURSION = YES;
				CLANG_WARN_INT_CONVERSION = YES;
				CLANG_WARN_NON_LITERAL_NULL_CONVERSION = YES;
				CLANG_WARN_OBJC_IMPLICIT_RETAIN_SELF = YES;
				CLANG_WARN_OBJC_LITERAL_CONVERSION = YES;
				CLANG_WARN_OBJC_ROOT_CLASS = YES_ERROR;
				CLANG_WARN_QUOTED_INCLUDE_IN_FRAMEWORK_HEADER = YES;
				CLANG_WARN_RANGE_LOOP_ANALYSIS = YES;
				CLANG_WARN_STRICT_PROTOTYPES = YES;
				CLANG_WARN_SUSPICIOUS_MOVE = YES;
				CLANG_WARN_UNGUARDED_AVAILABILITY = YES_AGGRESSIVE;
				CLANG_WARN_UNREACHABLE_CODE = YES;
				CLANG_WARN__DUPLICATE_METHOD_MATCH = YES;
				COPY_PHASE_STRIP = NO;
				DEBUG_INFORMATION_FORMAT = "dwarf-with-dsym";
				DEVELOPMENT_TEAM = 25323KQQ5P;
				ENABLE_NS_ASSERTIONS = NO;
				ENABLE_STRICT_OBJC_MSGSEND = YES;
				ENABLE_USER_SCRIPT_SANDBOXING = YES;
				GCC_C_LANGUAGE_STANDARD = gnu17;
				GCC_NO_COMMON_BLOCKS = YES;
				GCC_WARN_64_TO_32_BIT_CONVERSION = YES;
				GCC_WARN_ABOUT_RETURN_TYPE = YES_ERROR;
				GCC_WARN_UNDECLARED_SELECTOR = YES;
				GCC_WARN_UNINITIALIZED_AUTOS = YES_AGGRESSIVE;
				GCC_WARN_UNUSED_FUNCTION = YES;
				GCC_WARN_UNUSED_VARIABLE = YES;
				IPHONEOS_DEPLOYMENT_TARGET = 18.5;
				LOCALIZATION_PREFERS_STRING_CATALOGS = YES;
				MTL_ENABLE_DEBUG_INFO = NO;
				MTL_FAST_MATH = YES;
				SDKROOT = iphoneos;
				SWIFT_COMPILATION_MODE = wholemodule;
				VALIDATE_PRODUCT = YES;
			};
			name = Release;
		};
		D63113502F13D2A20096235C /* Debug */ = {
			isa = XCBuildConfiguration;
			buildSettings = {
				ASSETCATALOG_COMPILER_APPICON_NAME = AppIcon;
				ASSETCATALOG_COMPILER_GLOBAL_ACCENT_COLOR_NAME = AccentColor;
				CODE_SIGN_ENTITLEMENTS = BPRecorder/BPRecorder.entitlements;
				CODE_SIGN_STYLE = Automatic;
				CURRENT_PROJECT_VERSION = 1;
				DEVELOPMENT_TEAM = 25323KQQ5P;
				ENABLE_PREVIEWS = YES;
				GENERATE_INFOPLIST_FILE = YES;
				INFOPLIST_KEY_NSHealthShareUsageDescription = "此应用需要读取您的健康数据（血压、体重等）以便查看历史记录和趋势";
				INFOPLIST_KEY_NSHealthUpdateUsageDescription = "此应用需要写入健康数据（血压、体重等）到健康应用以便记录您的测量结果";
				INFOPLIST_KEY_UIApplicationSceneManifest_Generation = YES;
				INFOPLIST_KEY_UIApplicationSupportsIndirectInputEvents = YES;
				INFOPLIST_KEY_UILaunchScreen_Generation = YES;
				INFOPLIST_KEY_UISupportedInterfaceOrientations_iPad = "UIInterfaceOrientationPortrait UIInterfaceOrientationPortraitUpsideDown UIInterfaceOrientationLandscapeLeft UIInterfaceOrientationLandscapeRight";
				INFOPLIST_KEY_UISupportedInterfaceOrientations_iPhone = "UIInterfaceOrientationPortrait UIInterfaceOrientationLandscapeLeft UIInterfaceOrientationLandscapeRight";
				LD_RUNPATH_SEARCH_PATHS = (
					"$(inherited)",
					"@executable_path/Frameworks",
				);
				MARKETING_VERSION = 1.0;
				PRODUCT_BUNDLE_IDENTIFIER = com.shibofang.BPRecorder;
				PRODUCT_NAME = "$(TARGET_NAME)";
				SWIFT_EMIT_LOC_STRINGS = YES;
				SWIFT_VERSION = 5.0;
				TARGETED_DEVICE_FAMILY = "1,2";
			};
			name = Debug;
		};
		D63113512F13D2A20096235C /* Release */ = {
			isa = XCBuildConfiguration;
			buildSettings = {
				ASSETCATALOG_COMPILER_APPICON_NAME = AppIcon;
				ASSETCATALOG_COMPILER_GLOBAL_ACCENT_COLOR_NAME = AccentColor;
				CODE_SIGN_ENTITLEMENTS = BPRecorder/BPRecorder.entitlements;
				CODE_SIGN_STYLE = Automatic;
				CURRENT_PROJECT_VERSION = 1;
				DEVELOPMENT_TEAM = 25323KQQ5P;
				ENABLE_PREVIEWS = YES;
				GENERATE_INFOPLIST_FILE = YES;
				INFOPLIST_KEY_NSHealthShareUsageDescription = "此应用需要读取您的健康数据（血压、体重等）以便查看历史记录和趋势";
				INFOPLIST_KEY_NSHealthUpdateUsageDescription = "此应用需要写入健康数据（血压、体重等）到健康应用以便记录您的测量结果";
				INFOPLIST_KEY_UIApplicationSceneManifest_Generation = YES;
				INFOPLIST_KEY_UIApplicationSupportsIndirectInputEvents = YES;
				INFOPLIST_KEY_UILaunchScreen_Generation = YES;
				INFOPLIST_KEY_UISupportedInterfaceOrientations_iPad = "UIInterfaceOrientationPortrait UIInterfaceOrientationPortraitUpsideDown UIInterfaceOrientationLandscapeLeft UIInterfaceOrientationLandscapeRight";
				INFOPLIST_KEY_UISupportedInterfaceOrientations_iPhone = "UIInterfaceOrientationPortrait UIInterfaceOrientationLandscapeLeft UIInterfaceOrientationLandscapeRight";
				LD_RUNPATH_SEARCH_PATHS = (
					"$(inherited)",
					"@executable_path/Frameworks",
				);
				MARKETING_VERSION = 1.0;
				PRODUCT_BUNDLE_IDENTIFIER = com.shibofang.BPRecorder;
				PRODUCT_NAME = "$(TARGET_NAME)";
				SWIFT_EMIT_LOC_STRINGS = YES;
				SWIFT_VERSION = 5.0;
				TARGETED_DEVICE_FAMILY = "1,2";
			};
			name = Release;
		};
		D63113532F13D2A20096235C /* Debug */ = {
			isa = XCBuildConfiguration;
			buildSettings = {
				BUNDLE_LOADER = "$(TEST_HOST)";
				CODE_SIGN_STYLE = Automatic;
				CURRENT_PROJECT_VERSION = 1;
				DEVELOPMENT_TEAM = 25323KQQ5P;
				GENERATE_INFOPLIST_FILE = YES;
				IPHONEOS_DEPLOYMENT_TARGET = 18.5;
				MARKETING_VERSION = 1.0;
				PRODUCT_BUNDLE_IDENTIFIER = com.shibofang.BPRecorderTests;
				PRODUCT_NAME = "$(TARGET_NAME)";
				SWIFT_EMIT_LOC_STRINGS = NO;
				SWIFT_VERSION = 5.0;
				TARGETED_DEVICE_FAMILY = "1,2";
				TEST_HOST = "$(BUILT_PRODUCTS_DIR)/BPRecorder.app/$(BUNDLE_EXECUTABLE_FOLDER_PATH)/BPRecorder";
			};
			name = Debug;
		};
		D63113542F13D2A20096235C /* Release */ = {
			isa = XCBuildConfiguration;
			buildSettings = {
				BUNDLE_LOADER = "$(TEST_HOST)";
				CODE_SIGN_STYLE = Automatic;
				CURRENT_PROJECT_VERSION = 1;
				DEVELOPMENT_TEAM = 25323KQQ5P;
				GENERATE_INFOPLIST_FILE = YES;
				IPHONEOS_DEPLOYMENT_TARGET = 18.5;
				MARKETING_VERSION = 1.0;
				PRODUCT_BUNDLE_IDENTIFIER = com.shibofang.BPRecorderTests;
				PRODUCT_NAME = "$(TARGET_NAME)";
				SWIFT_EMIT_LOC_STRINGS = NO;
				SWIFT_VERSION = 5.0;
				TARGETED_DEVICE_FAMILY = "1,2";
				TEST_HOST = "$(BUILT_PRODUCTS_DIR)/BPRecorder.app/$(BUNDLE_EXECUTABLE_FOLDER_PATH)/BPRecorder";
			};
			name = Release;
		};
		D63113562F13D2A20096235C /* Debug */ = {
			isa = XCBuildConfiguration;
			buildSettings = {
				CODE_SIGN_STYLE = Automatic;
				CURRENT_PROJECT_VERSION = 1;
				DEVELOPMENT_TEAM = 25323KQQ5P;
				GENERATE_INFOPLIST_FILE = YES;
				MARKETING_VERSION = 1.0;
				PRODUCT_BUNDLE_IDENTIFIER = com.shibofang.BPRecorderUITests;
				PRODUCT_NAME = "$(TARGET_NAME)";
				SWIFT_EMIT_LOC_STRINGS = NO;
				SWIFT_VERSION = 5.0;
				TARGETED_DEVICE_FAMILY = "1,2";
				TEST_TARGET_NAME = BPRecorder;
			};
			name = Debug;
		};
		D63113572F13D2A20096235C /* Release */ = {
			isa = XCBuildConfiguration;
			buildSettings = {
				CODE_SIGN_STYLE = Automatic;
				CURRENT_PROJECT_VERSION = 1;
				DEVELOPMENT_TEAM = 25323KQQ5P;
				GENERATE_INFOPLIST_FILE = YES;
				MARKETING_VERSION = 1.0;
				PRODUCT_BUNDLE_IDENTIFIER = com.shibofang.BPRecorderUITests;
				PRODUCT_NAME = "$(TARGET_NAME)";
				SWIFT_EMIT_LOC_STRINGS = NO;
				SWIFT_VERSION = 5.0;
				TARGETED_DEVICE_FAMILY = "1,2";
				TEST_TARGET_NAME = BPRecorder;
			};
			name = Release;
		};
/* End XCBuildConfiguration section */

/* Begin XCConfigurationList section */
		D63113292F13D2A10096235C /* Build configuration list for PBXProject "BPRecorder" */ = {
			isa = XCConfigurationList;
			buildConfigurations = (
				D631134D2F13D2A20096235C /* Debug */,
				D631134E2F13D2A20096235C /* Release */,
			);
			defaultConfigurationIsVisible = 0;
			defaultConfigurationName = Release;
		};
		D631134F2F13D2A20096235C /* Build configuration list for PBXNativeTarget "BPRecorder" */ = {
			isa = XCConfigurationList;
			buildConfigurations = (
				D63113502F13D2A20096235C /* Debug */,
				D63113512F13D2A20096235C /* Release */,
			);
			defaultConfigurationIsVisible = 0;
			defaultConfigurationName = Release;
		};
		D63113522F13D2A20096235C /* Build configuration list for PBXNativeTarget "BPRecorderTests" */ = {
			isa = XCConfigurationList;
			buildConfigurations = (
				D63113532F13D2A20096235C /* Debug */,
				D63113542F13D2A20096235C /* Release */,
			);
			defaultConfigurationIsVisible = 0;
			defaultConfigurationName = Release;
		};
		D63113552F13D2A20096235C /* Build configuration list for PBXNativeTarget "BPRecorderUITests" */ = {
			isa = XCConfigurationList;
			buildConfigurations = (
				D63113562F13D2A20096235C /* Debug */,
				D63113572F13D2A20096235C /* Release */,
			);
			defaultConfigurationIsVisible = 0;
			defaultConfigurationName = Release;
		};
/* End XCConfigurationList section */
	};
	rootObject = D63113262F13D2A10096235C /* Project object */;
}
